// !$*UTF8*$!
{
	archiveVersion = 1;
	classes = {
	};
	objectVersion = 46;
	objects = {

/* Begin PBXBuildFile section */
		9DEE0BA11BC0B05C003D778E /* AppDelegate.swift in Sources */ = {isa = PBXBuildFile; fileRef = 9DEE0BA01BC0B05C003D778E /* AppDelegate.swift */; };
		9DEE0BA31BC0B05C003D778E /* ViewController.swift in Sources */ = {isa = PBXBuildFile; fileRef = 9DEE0BA21BC0B05C003D778E /* ViewController.swift */; };
		9DEE0BA61BC0B05C003D778E /* Main.storyboard in Resources */ = {isa = PBXBuildFile; fileRef = 9DEE0BA41BC0B05C003D778E /* Main.storyboard */; };
		9DEE0BA81BC0B05C003D778E /* Images.xcassets in Resources */ = {isa = PBXBuildFile; fileRef = 9DEE0BA71BC0B05C003D778E /* Images.xcassets */; };
		9DEE0BAB1BC0B05C003D778E /* LaunchScreen.xib in Resources */ = {isa = PBXBuildFile; fileRef = 9DEE0BA91BC0B05C003D778E /* LaunchScreen.xib */; };
		9DEE0BB71BC0B05C003D778E /* PresentTests.swift in Sources */ = {isa = PBXBuildFile; fileRef = 9DEE0BB61BC0B05C003D778E /* PresentTests.swift */; };
		9DEE0BC11BC0B0AE003D778E /* userModel.swift in Sources */ = {isa = PBXBuildFile; fileRef = 9DEE0BC01BC0B0AE003D778E /* userModel.swift */; };
		9DEE0BC51BC0BDFD003D778E /* Bolts.framework in Frameworks */ = {isa = PBXBuildFile; fileRef = 9DEE0BC21BC0BDFD003D778E /* Bolts.framework */; settings = {ATTRIBUTES = (Weak, ); }; };
		9DEE0BC61BC0BDFD003D778E /* Parse.framework in Frameworks */ = {isa = PBXBuildFile; fileRef = 9DEE0BC31BC0BDFD003D778E /* Parse.framework */; settings = {ATTRIBUTES = (Weak, ); }; };
		9DEE0BC71BC0BDFD003D778E /* ParseUI.framework in Frameworks */ = {isa = PBXBuildFile; fileRef = 9DEE0BC41BC0BDFD003D778E /* ParseUI.framework */; settings = {ATTRIBUTES = (Weak, ); }; };
		9DEE0BCB1BC0BE20003D778E /* ParseCrashReporting.framework in Frameworks */ = {isa = PBXBuildFile; fileRef = 9DEE0BC81BC0BE20003D778E /* ParseCrashReporting.framework */; settings = {ATTRIBUTES = (Weak, ); }; };
		9DEE0BCC1BC0BE20003D778E /* ParseFacebookUtils.framework in Frameworks */ = {isa = PBXBuildFile; fileRef = 9DEE0BC91BC0BE20003D778E /* ParseFacebookUtils.framework */; settings = {ATTRIBUTES = (Weak, ); }; };
		9DEE0BCD1BC0BE20003D778E /* ParseFacebookUtilsV4.framework in Frameworks */ = {isa = PBXBuildFile; fileRef = 9DEE0BCA1BC0BE20003D778E /* ParseFacebookUtilsV4.framework */; settings = {ATTRIBUTES = (Weak, ); }; };
		9DEE0BCF1BC0BE38003D778E /* AudioToolbox.framework in Frameworks */ = {isa = PBXBuildFile; fileRef = 9DEE0BCE1BC0BE38003D778E /* AudioToolbox.framework */; };
		9DEE0BD11BC0BE4A003D778E /* CFNetwork.framework in Frameworks */ = {isa = PBXBuildFile; fileRef = 9DEE0BD01BC0BE4A003D778E /* CFNetwork.framework */; };
		9DEE0BD31BC0BE90003D778E /* CoreGraphics.framework in Frameworks */ = {isa = PBXBuildFile; fileRef = 9DEE0BD21BC0BE8F003D778E /* CoreGraphics.framework */; };
		9DEE0BD51BC0BE96003D778E /* CoreLocation.framework in Frameworks */ = {isa = PBXBuildFile; fileRef = 9DEE0BD41BC0BE96003D778E /* CoreLocation.framework */; };
		9DEE0BD71BC0BE9D003D778E /* QuartzCore.framework in Frameworks */ = {isa = PBXBuildFile; fileRef = 9DEE0BD61BC0BE9D003D778E /* QuartzCore.framework */; };
		9DEE0BD91BC0BEB0003D778E /* Security.framework in Frameworks */ = {isa = PBXBuildFile; fileRef = 9DEE0BD81BC0BEB0003D778E /* Security.framework */; };
		9DEE0BDB1BC0BEB6003D778E /* StoreKit.framework in Frameworks */ = {isa = PBXBuildFile; fileRef = 9DEE0BDA1BC0BEB6003D778E /* StoreKit.framework */; };
		9DEE0BDD1BC0BEBE003D778E /* SystemConfiguration.framework in Frameworks */ = {isa = PBXBuildFile; fileRef = 9DEE0BDC1BC0BEBE003D778E /* SystemConfiguration.framework */; };
		9DEE0BDF1BC0BEC9003D778E /* libz.dylib in Frameworks */ = {isa = PBXBuildFile; fileRef = 9DEE0BDE1BC0BEC9003D778E /* libz.dylib */; };
		9DEE0BE11BC0BED2003D778E /* libsqlite3.dylib in Frameworks */ = {isa = PBXBuildFile; fileRef = 9DEE0BE01BC0BED2003D778E /* libsqlite3.dylib */; };
		9DEE0BE31BC0BEDF003D778E /* Accounts.framework in Frameworks */ = {isa = PBXBuildFile; fileRef = 9DEE0BE21BC0BEDF003D778E /* Accounts.framework */; };
		9DEE0BE51BC0BEE3003D778E /* Social.framework in Frameworks */ = {isa = PBXBuildFile; fileRef = 9DEE0BE41BC0BEE3003D778E /* Social.framework */; };
		D1C59A0B1BC5077B00024F45 /* Bolts.framework in Frameworks */ = {isa = PBXBuildFile; fileRef = D1C59A041BC5077B00024F45 /* Bolts.framework */; };
		D1C59A0C1BC5077B00024F45 /* Parse.framework in Frameworks */ = {isa = PBXBuildFile; fileRef = D1C59A051BC5077B00024F45 /* Parse.framework */; };
		D1C59A0D1BC5077B00024F45 /* ParseCrashReporting.framework in Frameworks */ = {isa = PBXBuildFile; fileRef = D1C59A061BC5077B00024F45 /* ParseCrashReporting.framework */; };
		D1C59A0E1BC5077B00024F45 /* ParseFacebookUtils.framework in Frameworks */ = {isa = PBXBuildFile; fileRef = D1C59A071BC5077B00024F45 /* ParseFacebookUtils.framework */; };
		D1C59A0F1BC5077B00024F45 /* ParseFacebookUtilsV4.framework in Frameworks */ = {isa = PBXBuildFile; fileRef = D1C59A081BC5077B00024F45 /* ParseFacebookUtilsV4.framework */; };
		D1C59A101BC5077B00024F45 /* ParseTwitterUtils.framework in Frameworks */ = {isa = PBXBuildFile; fileRef = D1C59A091BC5077B00024F45 /* ParseTwitterUtils.framework */; };
		D1C59A111BC5077B00024F45 /* ParseUI.framework in Frameworks */ = {isa = PBXBuildFile; fileRef = D1C59A0A1BC5077B00024F45 /* ParseUI.framework */; };
		D1C59A4F1BC6074100024F45 /* Bolts.framework in Frameworks */ = {isa = PBXBuildFile; fileRef = D1C59A481BC6074100024F45 /* Bolts.framework */; };
		D1C59A501BC6074100024F45 /* Parse.framework in Frameworks */ = {isa = PBXBuildFile; fileRef = D1C59A491BC6074100024F45 /* Parse.framework */; };
		D1C59A511BC6074100024F45 /* ParseCrashReporting.framework in Frameworks */ = {isa = PBXBuildFile; fileRef = D1C59A4A1BC6074100024F45 /* ParseCrashReporting.framework */; };
		D1C59A521BC6074100024F45 /* ParseFacebookUtils.framework in Frameworks */ = {isa = PBXBuildFile; fileRef = D1C59A4B1BC6074100024F45 /* ParseFacebookUtils.framework */; };
		D1C59A531BC6074100024F45 /* ParseFacebookUtilsV4.framework in Frameworks */ = {isa = PBXBuildFile; fileRef = D1C59A4C1BC6074100024F45 /* ParseFacebookUtilsV4.framework */; };
		D1C59A541BC6074100024F45 /* ParseTwitterUtils.framework in Frameworks */ = {isa = PBXBuildFile; fileRef = D1C59A4D1BC6074100024F45 /* ParseTwitterUtils.framework */; };
		D1C59A551BC6074100024F45 /* ParseUI.framework in Frameworks */ = {isa = PBXBuildFile; fileRef = D1C59A4E1BC6074100024F45 /* ParseUI.framework */; };
/* End PBXBuildFile section */

/* Begin PBXContainerItemProxy section */
		9DEE0BB11BC0B05C003D778E /* PBXContainerItemProxy */ = {
			isa = PBXContainerItemProxy;
			containerPortal = 9DEE0B931BC0B05C003D778E /* Project object */;
			proxyType = 1;
			remoteGlobalIDString = 9DEE0B9A1BC0B05C003D778E;
			remoteInfo = Present;
		};
/* End PBXContainerItemProxy section */

/* Begin PBXFileReference section */
		9DEE0B9B1BC0B05C003D778E /* Present.app */ = {isa = PBXFileReference; explicitFileType = wrapper.application; includeInIndex = 0; path = Present.app; sourceTree = BUILT_PRODUCTS_DIR; };
		9DEE0B9F1BC0B05C003D778E /* Info.plist */ = {isa = PBXFileReference; lastKnownFileType = text.plist.xml; path = Info.plist; sourceTree = "<group>"; };
		9DEE0BA01BC0B05C003D778E /* AppDelegate.swift */ = {isa = PBXFileReference; lastKnownFileType = sourcecode.swift; path = AppDelegate.swift; sourceTree = "<group>"; };
		9DEE0BA21BC0B05C003D778E /* ViewController.swift */ = {isa = PBXFileReference; lastKnownFileType = sourcecode.swift; path = ViewController.swift; sourceTree = "<group>"; };
		9DEE0BA51BC0B05C003D778E /* Base */ = {isa = PBXFileReference; lastKnownFileType = file.storyboard; name = Base; path = Base.lproj/Main.storyboard; sourceTree = "<group>"; };
		9DEE0BA71BC0B05C003D778E /* Images.xcassets */ = {isa = PBXFileReference; lastKnownFileType = folder.assetcatalog; path = Images.xcassets; sourceTree = "<group>"; };
		9DEE0BAA1BC0B05C003D778E /* Base */ = {isa = PBXFileReference; lastKnownFileType = file.xib; name = Base; path = Base.lproj/LaunchScreen.xib; sourceTree = "<group>"; };
		9DEE0BB01BC0B05C003D778E /* PresentTests.xctest */ = {isa = PBXFileReference; explicitFileType = wrapper.cfbundle; includeInIndex = 0; path = PresentTests.xctest; sourceTree = BUILT_PRODUCTS_DIR; };
		9DEE0BB51BC0B05C003D778E /* Info.plist */ = {isa = PBXFileReference; lastKnownFileType = text.plist.xml; path = Info.plist; sourceTree = "<group>"; };
		9DEE0BB61BC0B05C003D778E /* PresentTests.swift */ = {isa = PBXFileReference; lastKnownFileType = sourcecode.swift; path = PresentTests.swift; sourceTree = "<group>"; };
		9DEE0BC01BC0B0AE003D778E /* userModel.swift */ = {isa = PBXFileReference; fileEncoding = 4; lastKnownFileType = sourcecode.swift; path = userModel.swift; sourceTree = "<group>"; };
		9DEE0BC21BC0BDFD003D778E /* Bolts.framework */ = {isa = PBXFileReference; lastKnownFileType = wrapper.framework; name = Bolts.framework; path = "../../../../Downloads/parse-library-1.8.5/Bolts.framework"; sourceTree = "<group>"; };
		9DEE0BC31BC0BDFD003D778E /* Parse.framework */ = {isa = PBXFileReference; lastKnownFileType = wrapper.framework; name = Parse.framework; path = "../../../../Downloads/parse-library-1.8.5/Parse.framework"; sourceTree = "<group>"; };
		9DEE0BC41BC0BDFD003D778E /* ParseUI.framework */ = {isa = PBXFileReference; lastKnownFileType = wrapper.framework; name = ParseUI.framework; path = "../../../../Downloads/parse-library-1.8.5/ParseUI.framework"; sourceTree = "<group>"; };
		9DEE0BC81BC0BE20003D778E /* ParseCrashReporting.framework */ = {isa = PBXFileReference; lastKnownFileType = wrapper.framework; name = ParseCrashReporting.framework; path = "../../../../Downloads/parse-library-1.8.5/ParseCrashReporting.framework"; sourceTree = "<group>"; };
		9DEE0BC91BC0BE20003D778E /* ParseFacebookUtils.framework */ = {isa = PBXFileReference; lastKnownFileType = wrapper.framework; name = ParseFacebookUtils.framework; path = "../../../../Downloads/parse-library-1.8.5/ParseFacebookUtils.framework"; sourceTree = "<group>"; };
		9DEE0BCA1BC0BE20003D778E /* ParseFacebookUtilsV4.framework */ = {isa = PBXFileReference; lastKnownFileType = wrapper.framework; name = ParseFacebookUtilsV4.framework; path = "../../../../Downloads/parse-library-1.8.5/ParseFacebookUtilsV4.framework"; sourceTree = "<group>"; };
		9DEE0BCE1BC0BE38003D778E /* AudioToolbox.framework */ = {isa = PBXFileReference; lastKnownFileType = wrapper.framework; name = AudioToolbox.framework; path = System/Library/Frameworks/AudioToolbox.framework; sourceTree = SDKROOT; };
		9DEE0BD01BC0BE4A003D778E /* CFNetwork.framework */ = {isa = PBXFileReference; lastKnownFileType = wrapper.framework; name = CFNetwork.framework; path = System/Library/Frameworks/CFNetwork.framework; sourceTree = SDKROOT; };
		9DEE0BD21BC0BE8F003D778E /* CoreGraphics.framework */ = {isa = PBXFileReference; lastKnownFileType = wrapper.framework; name = CoreGraphics.framework; path = System/Library/Frameworks/CoreGraphics.framework; sourceTree = SDKROOT; };
		9DEE0BD41BC0BE96003D778E /* CoreLocation.framework */ = {isa = PBXFileReference; lastKnownFileType = wrapper.framework; name = CoreLocation.framework; path = System/Library/Frameworks/CoreLocation.framework; sourceTree = SDKROOT; };
		9DEE0BD61BC0BE9D003D778E /* QuartzCore.framework */ = {isa = PBXFileReference; lastKnownFileType = wrapper.framework; name = QuartzCore.framework; path = System/Library/Frameworks/QuartzCore.framework; sourceTree = SDKROOT; };
		9DEE0BD81BC0BEB0003D778E /* Security.framework */ = {isa = PBXFileReference; lastKnownFileType = wrapper.framework; name = Security.framework; path = System/Library/Frameworks/Security.framework; sourceTree = SDKROOT; };
		9DEE0BDA1BC0BEB6003D778E /* StoreKit.framework */ = {isa = PBXFileReference; lastKnownFileType = wrapper.framework; name = StoreKit.framework; path = System/Library/Frameworks/StoreKit.framework; sourceTree = SDKROOT; };
		9DEE0BDC1BC0BEBE003D778E /* SystemConfiguration.framework */ = {isa = PBXFileReference; lastKnownFileType = wrapper.framework; name = SystemConfiguration.framework; path = System/Library/Frameworks/SystemConfiguration.framework; sourceTree = SDKROOT; };
		9DEE0BDE1BC0BEC9003D778E /* libz.dylib */ = {isa = PBXFileReference; lastKnownFileType = "compiled.mach-o.dylib"; name = libz.dylib; path = usr/lib/libz.dylib; sourceTree = SDKROOT; };
		9DEE0BE01BC0BED2003D778E /* libsqlite3.dylib */ = {isa = PBXFileReference; lastKnownFileType = "compiled.mach-o.dylib"; name = libsqlite3.dylib; path = usr/lib/libsqlite3.dylib; sourceTree = SDKROOT; };
		9DEE0BE21BC0BEDF003D778E /* Accounts.framework */ = {isa = PBXFileReference; lastKnownFileType = wrapper.framework; name = Accounts.framework; path = System/Library/Frameworks/Accounts.framework; sourceTree = SDKROOT; };
		9DEE0BE41BC0BEE3003D778E /* Social.framework */ = {isa = PBXFileReference; lastKnownFileType = wrapper.framework; name = Social.framework; path = System/Library/Frameworks/Social.framework; sourceTree = SDKROOT; };
		D1C59A041BC5077B00024F45 /* Bolts.framework */ = {isa = PBXFileReference; lastKnownFileType = wrapper.framework; path = Bolts.framework; sourceTree = "<group>"; };
		D1C59A051BC5077B00024F45 /* Parse.framework */ = {isa = PBXFileReference; lastKnownFileType = wrapper.framework; path = Parse.framework; sourceTree = "<group>"; };
		D1C59A061BC5077B00024F45 /* ParseCrashReporting.framework */ = {isa = PBXFileReference; lastKnownFileType = wrapper.framework; path = ParseCrashReporting.framework; sourceTree = "<group>"; };
		D1C59A071BC5077B00024F45 /* ParseFacebookUtils.framework */ = {isa = PBXFileReference; lastKnownFileType = wrapper.framework; path = ParseFacebookUtils.framework; sourceTree = "<group>"; };
		D1C59A081BC5077B00024F45 /* ParseFacebookUtilsV4.framework */ = {isa = PBXFileReference; lastKnownFileType = wrapper.framework; path = ParseFacebookUtilsV4.framework; sourceTree = "<group>"; };
		D1C59A091BC5077B00024F45 /* ParseTwitterUtils.framework */ = {isa = PBXFileReference; lastKnownFileType = wrapper.framework; path = ParseTwitterUtils.framework; sourceTree = "<group>"; };
		D1C59A0A1BC5077B00024F45 /* ParseUI.framework */ = {isa = PBXFileReference; lastKnownFileType = wrapper.framework; path = ParseUI.framework; sourceTree = "<group>"; };
		D1C59A481BC6074100024F45 /* Bolts.framework */ = {isa = PBXFileReference; lastKnownFileType = wrapper.framework; name = Bolts.framework; path = ../Bolts.framework; sourceTree = "<group>"; };
		D1C59A491BC6074100024F45 /* Parse.framework */ = {isa = PBXFileReference; lastKnownFileType = wrapper.framework; name = Parse.framework; path = ../Parse.framework; sourceTree = "<group>"; };
		D1C59A4A1BC6074100024F45 /* ParseCrashReporting.framework */ = {isa = PBXFileReference; lastKnownFileType = wrapper.framework; name = ParseCrashReporting.framework; path = ../ParseCrashReporting.framework; sourceTree = "<group>"; };
		D1C59A4B1BC6074100024F45 /* ParseFacebookUtils.framework */ = {isa = PBXFileReference; lastKnownFileType = wrapper.framework; name = ParseFacebookUtils.framework; path = ../ParseFacebookUtils.framework; sourceTree = "<group>"; };
		D1C59A4C1BC6074100024F45 /* ParseFacebookUtilsV4.framework */ = {isa = PBXFileReference; lastKnownFileType = wrapper.framework; name = ParseFacebookUtilsV4.framework; path = ../ParseFacebookUtilsV4.framework; sourceTree = "<group>"; };
		D1C59A4D1BC6074100024F45 /* ParseTwitterUtils.framework */ = {isa = PBXFileReference; lastKnownFileType = wrapper.framework; name = ParseTwitterUtils.framework; path = ../ParseTwitterUtils.framework; sourceTree = "<group>"; };
		D1C59A4E1BC6074100024F45 /* ParseUI.framework */ = {isa = PBXFileReference; lastKnownFileType = wrapper.framework; name = ParseUI.framework; path = ../ParseUI.framework; sourceTree = "<group>"; };
/* End PBXFileReference section */

/* Begin PBXFrameworksBuildPhase section */
		9DEE0B981BC0B05C003D778E /* Frameworks */ = {
			isa = PBXFrameworksBuildPhase;
			buildActionMask = 2147483647;
			files = (
				9DEE0BE51BC0BEE3003D778E /* Social.framework in Frameworks */,
				D1C59A0B1BC5077B00024F45 /* Bolts.framework in Frameworks */,
				D1C59A111BC5077B00024F45 /* ParseUI.framework in Frameworks */,
				9DEE0BE31BC0BEDF003D778E /* Accounts.framework in Frameworks */,
				9DEE0BE11BC0BED2003D778E /* libsqlite3.dylib in Frameworks */,
				9DEE0BDF1BC0BEC9003D778E /* libz.dylib in Frameworks */,
				D1C59A551BC6074100024F45 /* ParseUI.framework in Frameworks */,
				9DEE0BDD1BC0BEBE003D778E /* SystemConfiguration.framework in Frameworks */,
				D1C59A4F1BC6074100024F45 /* Bolts.framework in Frameworks */,
				9DEE0BDB1BC0BEB6003D778E /* StoreKit.framework in Frameworks */,
				9DEE0BD91BC0BEB0003D778E /* Security.framework in Frameworks */,
				D1C59A501BC6074100024F45 /* Parse.framework in Frameworks */,
				9DEE0BD71BC0BE9D003D778E /* QuartzCore.framework in Frameworks */,
				9DEE0BD51BC0BE96003D778E /* CoreLocation.framework in Frameworks */,
				9DEE0BD31BC0BE90003D778E /* CoreGraphics.framework in Frameworks */,
				D1C59A531BC6074100024F45 /* ParseFacebookUtilsV4.framework in Frameworks */,
				9DEE0BD11BC0BE4A003D778E /* CFNetwork.framework in Frameworks */,
				9DEE0BCF1BC0BE38003D778E /* AudioToolbox.framework in Frameworks */,
				9DEE0BC51BC0BDFD003D778E /* Bolts.framework in Frameworks */,
				D1C59A0C1BC5077B00024F45 /* Parse.framework in Frameworks */,
				9DEE0BC61BC0BDFD003D778E /* Parse.framework in Frameworks */,
				D1C59A511BC6074100024F45 /* ParseCrashReporting.framework in Frameworks */,
				D1C59A0F1BC5077B00024F45 /* ParseFacebookUtilsV4.framework in Frameworks */,
				9DEE0BC71BC0BDFD003D778E /* ParseUI.framework in Frameworks */,
				9DEE0BCB1BC0BE20003D778E /* ParseCrashReporting.framework in Frameworks */,
				D1C59A0E1BC5077B00024F45 /* ParseFacebookUtils.framework in Frameworks */,
				9DEE0BCC1BC0BE20003D778E /* ParseFacebookUtils.framework in Frameworks */,
				D1C59A521BC6074100024F45 /* ParseFacebookUtils.framework in Frameworks */,
				D1C59A0D1BC5077B00024F45 /* ParseCrashReporting.framework in Frameworks */,
				D1C59A101BC5077B00024F45 /* ParseTwitterUtils.framework in Frameworks */,
				9DEE0BCD1BC0BE20003D778E /* ParseFacebookUtilsV4.framework in Frameworks */,
				D1C59A541BC6074100024F45 /* ParseTwitterUtils.framework in Frameworks */,
			);
			runOnlyForDeploymentPostprocessing = 0;
		};
		9DEE0BAD1BC0B05C003D778E /* Frameworks */ = {
			isa = PBXFrameworksBuildPhase;
			buildActionMask = 2147483647;
			files = (
			);
			runOnlyForDeploymentPostprocessing = 0;
		};
/* End PBXFrameworksBuildPhase section */

/* Begin PBXGroup section */
		9DEE0B921BC0B05C003D778E = {
			isa = PBXGroup;
			children = (
				D12321031BD33DD7002F5D5B /* framework */,
				9DEE0B9D1BC0B05C003D778E /* Present */,
				9DEE0BB31BC0B05C003D778E /* PresentTests */,
				9DEE0B9C1BC0B05C003D778E /* Products */,
			);
			sourceTree = "<group>";
		};
		9DEE0B9C1BC0B05C003D778E /* Products */ = {
			isa = PBXGroup;
			children = (
				9DEE0B9B1BC0B05C003D778E /* Present.app */,
				9DEE0BB01BC0B05C003D778E /* PresentTests.xctest */,
			);
			name = Products;
			sourceTree = "<group>";
		};
		9DEE0B9D1BC0B05C003D778E /* Present */ = {
			isa = PBXGroup;
			children = (
				9DEE0BA01BC0B05C003D778E /* AppDelegate.swift */,
				9DEE0BA21BC0B05C003D778E /* ViewController.swift */,
				9DEE0BA41BC0B05C003D778E /* Main.storyboard */,
				9DEE0BA71BC0B05C003D778E /* Images.xcassets */,
				9DEE0BA91BC0B05C003D778E /* LaunchScreen.xib */,
				9DEE0B9E1BC0B05C003D778E /* Supporting Files */,
				9DEE0BC01BC0B0AE003D778E /* userModel.swift */,
			);
			path = Present;
			sourceTree = "<group>";
		};
		9DEE0B9E1BC0B05C003D778E /* Supporting Files */ = {
			isa = PBXGroup;
			children = (
				9DEE0B9F1BC0B05C003D778E /* Info.plist */,
			);
			name = "Supporting Files";
			sourceTree = "<group>";
		};
		9DEE0BB31BC0B05C003D778E /* PresentTests */ = {
			isa = PBXGroup;
			children = (
				9DEE0BB61BC0B05C003D778E /* PresentTests.swift */,
				9DEE0BB41BC0B05C003D778E /* Supporting Files */,
			);
			path = PresentTests;
			sourceTree = "<group>";
		};
		9DEE0BB41BC0B05C003D778E /* Supporting Files */ = {
			isa = PBXGroup;
			children = (
				9DEE0BB51BC0B05C003D778E /* Info.plist */,
			);
			name = "Supporting Files";
			sourceTree = "<group>";
		};
		D12321031BD33DD7002F5D5B /* framework */ = {
			isa = PBXGroup;
			children = (
				D1C59A481BC6074100024F45 /* Bolts.framework */,
				D1C59A491BC6074100024F45 /* Parse.framework */,
				D1C59A4A1BC6074100024F45 /* ParseCrashReporting.framework */,
				D1C59A4B1BC6074100024F45 /* ParseFacebookUtils.framework */,
				D1C59A4C1BC6074100024F45 /* ParseFacebookUtilsV4.framework */,
				D1C59A4D1BC6074100024F45 /* ParseTwitterUtils.framework */,
				D1C59A4E1BC6074100024F45 /* ParseUI.framework */,
				9DEE0BE41BC0BEE3003D778E /* Social.framework */,
				9DEE0BE21BC0BEDF003D778E /* Accounts.framework */,
				9DEE0BE01BC0BED2003D778E /* libsqlite3.dylib */,
				9DEE0BDE1BC0BEC9003D778E /* libz.dylib */,
				9DEE0BDC1BC0BEBE003D778E /* SystemConfiguration.framework */,
				9DEE0BDA1BC0BEB6003D778E /* StoreKit.framework */,
				9DEE0BD81BC0BEB0003D778E /* Security.framework */,
				9DEE0BD61BC0BE9D003D778E /* QuartzCore.framework */,
				9DEE0BD41BC0BE96003D778E /* CoreLocation.framework */,
				9DEE0BD21BC0BE8F003D778E /* CoreGraphics.framework */,
				9DEE0BD01BC0BE4A003D778E /* CFNetwork.framework */,
				9DEE0BCE1BC0BE38003D778E /* AudioToolbox.framework */,
				9DEE0BC81BC0BE20003D778E /* ParseCrashReporting.framework */,
				D1C59A041BC5077B00024F45 /* Bolts.framework */,
				D1C59A051BC5077B00024F45 /* Parse.framework */,
				D1C59A061BC5077B00024F45 /* ParseCrashReporting.framework */,
				D1C59A071BC5077B00024F45 /* ParseFacebookUtils.framework */,
				D1C59A081BC5077B00024F45 /* ParseFacebookUtilsV4.framework */,
				D1C59A091BC5077B00024F45 /* ParseTwitterUtils.framework */,
				D1C59A0A1BC5077B00024F45 /* ParseUI.framework */,
				9DEE0BC91BC0BE20003D778E /* ParseFacebookUtils.framework */,
				9DEE0BCA1BC0BE20003D778E /* ParseFacebookUtilsV4.framework */,
				9DEE0BC21BC0BDFD003D778E /* Bolts.framework */,
				9DEE0BC31BC0BDFD003D778E /* Parse.framework */,
				9DEE0BC41BC0BDFD003D778E /* ParseUI.framework */,
			);
			name = framework;
			sourceTree = "<group>";
		};
/* End PBXGroup section */

/* Begin PBXNativeTarget section */
		9DEE0B9A1BC0B05C003D778E /* Present */ = {
			isa = PBXNativeTarget;
			buildConfigurationList = 9DEE0BBA1BC0B05C003D778E /* Build configuration list for PBXNativeTarget "Present" */;
			buildPhases = (
				9DEE0B971BC0B05C003D778E /* Sources */,
				9DEE0B981BC0B05C003D778E /* Frameworks */,
				9DEE0B991BC0B05C003D778E /* Resources */,
			);
			buildRules = (
			);
			dependencies = (
			);
			name = Present;
			productName = Present;
			productReference = 9DEE0B9B1BC0B05C003D778E /* Present.app */;
			productType = "com.apple.product-type.application";
		};
		9DEE0BAF1BC0B05C003D778E /* PresentTests */ = {
			isa = PBXNativeTarget;
			buildConfigurationList = 9DEE0BBD1BC0B05C003D778E /* Build configuration list for PBXNativeTarget "PresentTests" */;
			buildPhases = (
				9DEE0BAC1BC0B05C003D778E /* Sources */,
				9DEE0BAD1BC0B05C003D778E /* Frameworks */,
				9DEE0BAE1BC0B05C003D778E /* Resources */,
			);
			buildRules = (
			);
			dependencies = (
				9DEE0BB21BC0B05C003D778E /* PBXTargetDependency */,
			);
			name = PresentTests;
			productName = PresentTests;
			productReference = 9DEE0BB01BC0B05C003D778E /* PresentTests.xctest */;
			productType = "com.apple.product-type.bundle.unit-test";
		};
/* End PBXNativeTarget section */

/* Begin PBXProject section */
		9DEE0B931BC0B05C003D778E /* Project object */ = {
			isa = PBXProject;
			attributes = {
				LastUpgradeCheck = 0640;
				ORGANIZATIONNAME = "Siddarth Sivakumar";
				TargetAttributes = {
					9DEE0B9A1BC0B05C003D778E = {
						CreatedOnToolsVersion = 6.4;
						DevelopmentTeam = 9VUC3R8D65;
					};
					9DEE0BAF1BC0B05C003D778E = {
						CreatedOnToolsVersion = 6.4;
						TestTargetID = 9DEE0B9A1BC0B05C003D778E;
					};
				};
			};
			buildConfigurationList = 9DEE0B961BC0B05C003D778E /* Build configuration list for PBXProject "Present" */;
			compatibilityVersion = "Xcode 3.2";
			developmentRegion = English;
			hasScannedForEncodings = 0;
			knownRegions = (
				en,
				Base,
			);
			mainGroup = 9DEE0B921BC0B05C003D778E;
			productRefGroup = 9DEE0B9C1BC0B05C003D778E /* Products */;
			projectDirPath = "";
			projectRoot = "";
			targets = (
				9DEE0B9A1BC0B05C003D778E /* Present */,
				9DEE0BAF1BC0B05C003D778E /* PresentTests */,
			);
		};
/* End PBXProject section */

/* Begin PBXResourcesBuildPhase section */
		9DEE0B991BC0B05C003D778E /* Resources */ = {
			isa = PBXResourcesBuildPhase;
			buildActionMask = 2147483647;
			files = (
				9DEE0BA61BC0B05C003D778E /* Main.storyboard in Resources */,
				9DEE0BAB1BC0B05C003D778E /* LaunchScreen.xib in Resources */,
				9DEE0BA81BC0B05C003D778E /* Images.xcassets in Resources */,
			);
			runOnlyForDeploymentPostprocessing = 0;
		};
		9DEE0BAE1BC0B05C003D778E /* Resources */ = {
			isa = PBXResourcesBuildPhase;
			buildActionMask = 2147483647;
			files = (
			);
			runOnlyForDeploymentPostprocessing = 0;
		};
/* End PBXResourcesBuildPhase section */

/* Begin PBXSourcesBuildPhase section */
		9DEE0B971BC0B05C003D778E /* Sources */ = {
			isa = PBXSourcesBuildPhase;
			buildActionMask = 2147483647;
			files = (
				9DEE0BA31BC0B05C003D778E /* ViewController.swift in Sources */,
				9DEE0BA11BC0B05C003D778E /* AppDelegate.swift in Sources */,
				9DEE0BC11BC0B0AE003D778E /* userModel.swift in Sources */,
			);
			runOnlyForDeploymentPostprocessing = 0;
		};
		9DEE0BAC1BC0B05C003D778E /* Sources */ = {
			isa = PBXSourcesBuildPhase;
			buildActionMask = 2147483647;
			files = (
				9DEE0BB71BC0B05C003D778E /* PresentTests.swift in Sources */,
			);
			runOnlyForDeploymentPostprocessing = 0;
		};
/* End PBXSourcesBuildPhase section */

/* Begin PBXTargetDependency section */
		9DEE0BB21BC0B05C003D778E /* PBXTargetDependency */ = {
			isa = PBXTargetDependency;
			target = 9DEE0B9A1BC0B05C003D778E /* Present */;
			targetProxy = 9DEE0BB11BC0B05C003D778E /* PBXContainerItemProxy */;
		};
/* End PBXTargetDependency section */

/* Begin PBXVariantGroup section */
		9DEE0BA41BC0B05C003D778E /* Main.storyboard */ = {
			isa = PBXVariantGroup;
			children = (
				9DEE0BA51BC0B05C003D778E /* Base */,
			);
			name = Main.storyboard;
			sourceTree = "<group>";
		};
		9DEE0BA91BC0B05C003D778E /* LaunchScreen.xib */ = {
			isa = PBXVariantGroup;
			children = (
				9DEE0BAA1BC0B05C003D778E /* Base */,
			);
			name = LaunchScreen.xib;
			sourceTree = "<group>";
		};
/* End PBXVariantGroup section */

/* Begin XCBuildConfiguration section */
		9DEE0BB81BC0B05C003D778E /* Debug */ = {
			isa = XCBuildConfiguration;
			buildSettings = {
				ALWAYS_SEARCH_USER_PATHS = NO;
				CLANG_CXX_LANGUAGE_STANDARD = "gnu++0x";
				CLANG_CXX_LIBRARY = "libc++";
				CLANG_ENABLE_MODULES = YES;
				CLANG_ENABLE_OBJC_ARC = YES;
				CLANG_WARN_BOOL_CONVERSION = YES;
				CLANG_WARN_CONSTANT_CONVERSION = YES;
				CLANG_WARN_DIRECT_OBJC_ISA_USAGE = YES_ERROR;
				CLANG_WARN_EMPTY_BODY = YES;
				CLANG_WARN_ENUM_CONVERSION = YES;
				CLANG_WARN_INT_CONVERSION = YES;
				CLANG_WARN_OBJC_ROOT_CLASS = YES_ERROR;
				CLANG_WARN_UNREACHABLE_CODE = YES;
				CLANG_WARN__DUPLICATE_METHOD_MATCH = YES;
				"CODE_SIGN_IDENTITY[sdk=iphoneos*]" = "iPhone Developer";
				COPY_PHASE_STRIP = NO;
				DEBUG_INFORMATION_FORMAT = "dwarf-with-dsym";
				ENABLE_STRICT_OBJC_MSGSEND = YES;
				GCC_C_LANGUAGE_STANDARD = gnu99;
				GCC_DYNAMIC_NO_PIC = NO;
				GCC_NO_COMMON_BLOCKS = YES;
				GCC_OPTIMIZATION_LEVEL = 0;
				GCC_PREPROCESSOR_DEFINITIONS = (
					"DEBUG=1",
					"$(inherited)",
				);
				GCC_SYMBOLS_PRIVATE_EXTERN = NO;
				GCC_WARN_64_TO_32_BIT_CONVERSION = YES;
				GCC_WARN_ABOUT_RETURN_TYPE = YES_ERROR;
				GCC_WARN_UNDECLARED_SELECTOR = YES;
				GCC_WARN_UNINITIALIZED_AUTOS = YES_AGGRESSIVE;
				GCC_WARN_UNUSED_FUNCTION = YES;
				GCC_WARN_UNUSED_VARIABLE = YES;
				IPHONEOS_DEPLOYMENT_TARGET = 8.4;
				MTL_ENABLE_DEBUG_INFO = YES;
				ONLY_ACTIVE_ARCH = YES;
				SDKROOT = iphoneos;
				SWIFT_OPTIMIZATION_LEVEL = "-Onone";
				TARGETED_DEVICE_FAMILY = "1,2";
			};
			name = Debug;
		};
		9DEE0BB91BC0B05C003D778E /* Release */ = {
			isa = XCBuildConfiguration;
			buildSettings = {
				ALWAYS_SEARCH_USER_PATHS = NO;
				CLANG_CXX_LANGUAGE_STANDARD = "gnu++0x";
				CLANG_CXX_LIBRARY = "libc++";
				CLANG_ENABLE_MODULES = YES;
				CLANG_ENABLE_OBJC_ARC = YES;
				CLANG_WARN_BOOL_CONVERSION = YES;
				CLANG_WARN_CONSTANT_CONVERSION = YES;
				CLANG_WARN_DIRECT_OBJC_ISA_USAGE = YES_ERROR;
				CLANG_WARN_EMPTY_BODY = YES;
				CLANG_WARN_ENUM_CONVERSION = YES;
				CLANG_WARN_INT_CONVERSION = YES;
				CLANG_WARN_OBJC_ROOT_CLASS = YES_ERROR;
				CLANG_WARN_UNREACHABLE_CODE = YES;
				CLANG_WARN__DUPLICATE_METHOD_MATCH = YES;
				"CODE_SIGN_IDENTITY[sdk=iphoneos*]" = "iPhone Developer";
				COPY_PHASE_STRIP = NO;
				DEBUG_INFORMATION_FORMAT = "dwarf-with-dsym";
				ENABLE_NS_ASSERTIONS = NO;
				ENABLE_STRICT_OBJC_MSGSEND = YES;
				GCC_C_LANGUAGE_STANDARD = gnu99;
				GCC_NO_COMMON_BLOCKS = YES;
				GCC_WARN_64_TO_32_BIT_CONVERSION = YES;
				GCC_WARN_ABOUT_RETURN_TYPE = YES_ERROR;
				GCC_WARN_UNDECLARED_SELECTOR = YES;
				GCC_WARN_UNINITIALIZED_AUTOS = YES_AGGRESSIVE;
				GCC_WARN_UNUSED_FUNCTION = YES;
				GCC_WARN_UNUSED_VARIABLE = YES;
				IPHONEOS_DEPLOYMENT_TARGET = 8.4;
				MTL_ENABLE_DEBUG_INFO = NO;
				SDKROOT = iphoneos;
				TARGETED_DEVICE_FAMILY = "1,2";
				VALIDATE_PRODUCT = YES;
			};
			name = Release;
		};
		9DEE0BBB1BC0B05C003D778E /* Debug */ = {
			isa = XCBuildConfiguration;
			buildSettings = {
				ASSETCATALOG_COMPILER_APPICON_NAME = AppIcon;
				CODE_SIGN_IDENTITY = "iPhone Developer";
				"CODE_SIGN_IDENTITY[sdk=iphoneos*]" = "iPhone Developer";
				FRAMEWORK_SEARCH_PATHS = (
					"$(inherited)",
					"/Users/siddarthsivakumar/Downloads/parse-library-1.8.5",
					"$(PROJECT_DIR)",
					/Users/Annie/Documents/67475,
				);
				INFOPLIST_FILE = Present/Info.plist;
				LD_RUNPATH_SEARCH_PATHS = "$(inherited) @executable_path/Frameworks";
				PRODUCT_NAME = "$(TARGET_NAME)";
				PROVISIONING_PROFILE = "";
			};
			name = Debug;
		};
		9DEE0BBC1BC0B05C003D778E /* Release */ = {
			isa = XCBuildConfiguration;
			buildSettings = {
				ASSETCATALOG_COMPILER_APPICON_NAME = AppIcon;
				CODE_SIGN_IDENTITY = "iPhone Developer";
				"CODE_SIGN_IDENTITY[sdk=iphoneos*]" = "iPhone Developer";
				FRAMEWORK_SEARCH_PATHS = (
					"$(inherited)",
					"/Users/siddarthsivakumar/Downloads/parse-library-1.8.5",
					"$(PROJECT_DIR)",
					/Users/Annie/Documents/67475,
				);
				INFOPLIST_FILE = Present/Info.plist;
				LD_RUNPATH_SEARCH_PATHS = "$(inherited) @executable_path/Frameworks";
				PRODUCT_NAME = "$(TARGET_NAME)";
				PROVISIONING_PROFILE = "";
			};
			name = Release;
		};
		9DEE0BBE1BC0B05C003D778E /* Debug */ = {
			isa = XCBuildConfiguration;
			buildSettings = {
				BUNDLE_LOADER = "$(TEST_HOST)";
				FRAMEWORK_SEARCH_PATHS = (
					"$(SDKROOT)/Developer/Library/Frameworks",
					"$(inherited)",
				);
				GCC_PREPROCESSOR_DEFINITIONS = (
					"DEBUG=1",
					"$(inherited)",
				);
				INFOPLIST_FILE = PresentTests/Info.plist;
				LD_RUNPATH_SEARCH_PATHS = "$(inherited) @executable_path/Frameworks @loader_path/Frameworks";
				PRODUCT_NAME = "$(TARGET_NAME)";
				TEST_HOST = "$(BUILT_PRODUCTS_DIR)/Present.app/Present";
			};
			name = Debug;
		};
		9DEE0BBF1BC0B05C003D778E /* Release */ = {
			isa = XCBuildConfiguration;
			buildSettings = {
				BUNDLE_LOADER = "$(TEST_HOST)";
				FRAMEWORK_SEARCH_PATHS = (
					"$(SDKROOT)/Developer/Library/Frameworks",
					"$(inherited)",
				);
				INFOPLIST_FILE = PresentTests/Info.plist;
				LD_RUNPATH_SEARCH_PATHS = "$(inherited) @executable_path/Frameworks @loader_path/Frameworks";
				PRODUCT_NAME = "$(TARGET_NAME)";
				TEST_HOST = "$(BUILT_PRODUCTS_DIR)/Present.app/Present";
			};
			name = Release;
		};
/* End XCBuildConfiguration section */

/* Begin XCConfigurationList section */
		9DEE0B961BC0B05C003D778E /* Build configuration list for PBXProject "Present" */ = {
			isa = XCConfigurationList;
			buildConfigurations = (
				9DEE0BB81BC0B05C003D778E /* Debug */,
				9DEE0BB91BC0B05C003D778E /* Release */,
			);
			defaultConfigurationIsVisible = 0;
			defaultConfigurationName = Release;
		};
		9DEE0BBA1BC0B05C003D778E /* Build configuration list for PBXNativeTarget "Present" */ = {
			isa = XCConfigurationList;
			buildConfigurations = (
				9DEE0BBB1BC0B05C003D778E /* Debug */,
				9DEE0BBC1BC0B05C003D778E /* Release */,
			);
			defaultConfigurationIsVisible = 0;
			defaultConfigurationName = Release;
		};
		9DEE0BBD1BC0B05C003D778E /* Build configuration list for PBXNativeTarget "PresentTests" */ = {
			isa = XCConfigurationList;
			buildConfigurations = (
				9DEE0BBE1BC0B05C003D778E /* Debug */,
				9DEE0BBF1BC0B05C003D778E /* Release */,
			);
			defaultConfigurationIsVisible = 0;
			defaultConfigurationName = Release;
		};
/* End XCConfigurationList section */
	};
	rootObject = 9DEE0B931BC0B05C003D778E /* Project object */;
}
